PODS:
  - Flutter (1.0.0)
  - flutter_exit_app (1.1.2):
    - Flutter
  - ObjectBox (1.9.2)
  - objectbox_flutter_libs (0.0.1):
    - Flutter
    - ObjectBox (= 1.9.2)
  - path_provider_foundation (0.0.1):
    - Flutter
    - FlutterMacOS

DEPENDENCIES:
  - Flutter (from `Flutter`)
  - flutter_exit_app (from `.symlinks/plugins/flutter_exit_app/ios`)
  - objectbox_flutter_libs (from `.symlinks/plugins/objectbox_flutter_libs/ios`)
  - path_provider_foundation (from `.symlinks/plugins/path_provider_foundation/darwin`)

SPEC REPOS:
  trunk:
    - ObjectBox

EXTERNAL SOURCES:
  Flutter:
    :path: Flutter
  flutter_exit_app:
    :path: ".symlinks/plugins/flutter_exit_app/ios"
  objectbox_flutter_libs:
    :path: ".symlinks/plugins/objectbox_flutter_libs/ios"
  path_provider_foundation:
    :path: ".symlinks/plugins/path_provider_foundation/darwin"

SPEC CHECKSUMS:
  Flutter: e0871f40cf51350855a761d2e70bf5af5b9b5de7
  flutter_exit_app: f2e47c6d0b9c5137c33fab74bc4a9d5d54113bdc
  ObjectBox: 46757a559717ab49b1cc0612eaff82b705acf394
  objectbox_flutter_libs: 103f3a273b594cb664255086a386740bc179f97d
  path_provider_foundation: 3784922295ac71e43754bd15e0653ccfd36a147c

PODFILE CHECKSUM: fd10430bbbbe0d32705d39297f250dfc033d998e

COCOAPODS: 1.15.2
